
Microsoft Visual Studio Solution File, Format Version 12.00
# Visual Studio Version 16
VisualStudioVersion = 16.0.29123.88
MinimumVisualStudioVersion = 10.0.40219.1
Project("{FAE04EC0-301F-11D3-BF4B-00C04F79EFBC}") = "BattleEngine", "BattleEngine\BattleEngine.csproj", "{3D1BBBA1-D0B5-44F2-9191-F64C7506A95C}"
EndProject
Project("{FAE04EC0-301F-11D3-BF4B-00C04F79EFBC}") = "WildRaidersMod", "WildRaidersMod\WildRaidersMod.csproj", "{97F33467-5ED9-46C3-B9ED-1BC85D4A88D4}"
	ProjectSection(ProjectDependencies) = postProject
		{3D1BBBA1-D0B5-44F2-9191-F64C7506A95C} = {3D1BBBA1-D0B5-44F2-9191-F64C7506A95C}
	EndProjectSection
EndProject
Global
	GlobalSection(SolutionConfigurationPlatforms) = preSolution
		Debug|Any CPU = Debug|Any CPU
		Release|Any CPU = Release|Any CPU
	EndGlobalSection
	GlobalSection(ProjectConfigurationPlatforms) = postSolution
		{3D1BBBA1-D0B5-44F2-9191-F64C7506A95C}.Debug|Any CPU.ActiveCfg = Debug|Any CPU
		{3D1BBBA1-D0B5-44F2-9191-F64C7506A95C}.Debug|Any CPU.Build.0 = Debug|Any CPU
		{3D1BBBA1-D0B5-44F2-9191-F64C7506A95C}.Release|Any CPU.ActiveCfg = Release|Any CPU
		{3D1BBBA1-D0B5-44F2-9191-F64C7506A95C}.Release|Any CPU.Build.0 = Release|Any CPU
		{97F33467-5ED9-46C3-B9ED-1BC85D4A88D4}.Debug|Any CPU.ActiveCfg = Debug|Any CPU
		{97F33467-5ED9-46C3-B9ED-1BC85D4A88D4}.Debug|Any CPU.Build.0 = Debug|Any CPU
		{97F33467-5ED9-46C3-B9ED-1BC85D4A88D4}.Release|Any CPU.ActiveCfg = Release|Any CPU
		{97F33467-5ED9-46C3-B9ED-1BC85D4A88D4}.Release|Any CPU.Build.0 = Release|Any CPU
	EndGlobalSection
	GlobalSection(SolutionProperties) = preSolution
		HideSolutionNode = FALSE
	EndGlobalSection
	GlobalSection(ExtensibilityGlobals) = postSolution
		SolutionGuid = {B370DFC0-2FAC-4C1F-BB87-B54FE4A96435}
	EndGlobalSection
EndGlobal
